
Microsoft Visual Studio Solution File, Format Version 12.00
# Visual Studio 15
VisualStudioVersion = 15.0.28307.1300
MinimumVisualStudioVersion = 10.0.40219.1
Project("{FAE04EC0-301F-11D3-BF4B-00C04F79EFBC}") = "clinic management", "clinic management\clinic management.csproj", "{0FEF37E5-3521-4C30-9652-3F59B6982492}"
EndProject
Global
	GlobalSection(SolutionConfigurationPlatforms) = preSolution
		Debug|Any CPU = Debug|Any CPU
		Release|Any CPU = Release|Any CPU
	EndGlobalSection
	GlobalSection(ProjectConfigurationPlatforms) = postSolution
		{0FEF37E5-3521-4C30-9652-3F59B6982492}.Debug|Any CPU.ActiveCfg = Debug|Any CPU
		{0FEF37E5-3521-4C30-9652-3F59B6982492}.Debug|Any CPU.Build.0 = Debug|Any CPU
		{0FEF37E5-3521-4C30-9652-3F59B6982492}.Release|Any CPU.ActiveCfg = Release|Any CPU
		{0FEF37E5-3521-4C30-9652-3F59B6982492}.Release|Any CPU.Build.0 = Release|Any CPU
	EndGlobalSection
	GlobalSection(SolutionProperties) = preSolution
		HideSolutionNode = FALSE
	EndGlobalSection
	GlobalSection(ExtensibilityGlobals) = postSolution
		SolutionGuid = {DE463128-E5DF-49E2-AA0E-02D8EF4D2BD6}
	EndGlobalSection
EndGlobal
